
Microsoft Visual Studio Solution File, Format Version 12.00
# Visual Studio Version 16
VisualStudioVersion = 16.0.31112.23
MinimumVisualStudioVersion = 10.0.40219.1
Project("{FAE04EC0-301F-11D3-BF4B-00C04F79EFBC}") = "XamarinUITest.Android", "XamarinUITest\XamarinUITest.Android\XamarinUITest.Android.csproj", "{825A2C92-AF8E-4BA8-B39E-233224F9EDEB}"
EndProject
Project("{FAE04EC0-301F-11D3-BF4B-00C04F79EFBC}") = "XamarinUITest.iOS", "XamarinUITest\XamarinUITest.iOS\XamarinUITest.iOS.csproj", "{9EC2E091-931D-4484-B956-70ECB83831D7}"
EndProject
Project("{9A19103F-16F7-4668-BE54-9A1E7A4F7556}") = "XamarinUITest", "XamarinUITest\XamarinUITest\XamarinUITest.csproj", "{5A6D3A1D-82B5-4CFC-AF36-7C588BCD3D8A}"
EndProject
Project("{FAE04EC0-301F-11D3-BF4B-00C04F79EFBC}") = "UITest1", "..\UITest1\UITest1\UITest1.csproj", "{4D46D116-AA06-4A77-8C37-2AB015CC2C17}"
EndProject
Global
	GlobalSection(SolutionConfigurationPlatforms) = preSolution
		Debug|Any CPU = Debug|Any CPU
		Debug|iPhone = Debug|iPhone
		Debug|iPhoneSimulator = Debug|iPhoneSimulator
		Release|Any CPU = Release|Any CPU
		Release|iPhone = Release|iPhone
		Release|iPhoneSimulator = Release|iPhoneSimulator
	EndGlobalSection
	GlobalSection(ProjectConfigurationPlatforms) = postSolution
		{825A2C92-AF8E-4BA8-B39E-233224F9EDEB}.Debug|Any CPU.ActiveCfg = Debug|Any CPU
		{825A2C92-AF8E-4BA8-B39E-233224F9EDEB}.Debug|Any CPU.Build.0 = Debug|Any CPU
		{825A2C92-AF8E-4BA8-B39E-233224F9EDEB}.Debug|Any CPU.Deploy.0 = Debug|Any CPU
		{825A2C92-AF8E-4BA8-B39E-233224F9EDEB}.Debug|iPhone.ActiveCfg = Debug|Any CPU
		{825A2C92-AF8E-4BA8-B39E-233224F9EDEB}.Debug|iPhone.Build.0 = Debug|Any CPU
		{825A2C92-AF8E-4BA8-B39E-233224F9EDEB}.Debug|iPhone.Deploy.0 = Debug|Any CPU
		{825A2C92-AF8E-4BA8-B39E-233224F9EDEB}.Debug|iPhoneSimulator.ActiveCfg = Debug|Any CPU
		{825A2C92-AF8E-4BA8-B39E-233224F9EDEB}.Debug|iPhoneSimulator.Build.0 = Debug|Any CPU
		{825A2C92-AF8E-4BA8-B39E-233224F9EDEB}.Debug|iPhoneSimulator.Deploy.0 = Debug|Any CPU
		{825A2C92-AF8E-4BA8-B39E-233224F9EDEB}.Release|Any CPU.ActiveCfg = Release|Any CPU
		{825A2C92-AF8E-4BA8-B39E-233224F9EDEB}.Release|Any CPU.Build.0 = Release|Any CPU
		{825A2C92-AF8E-4BA8-B39E-233224F9EDEB}.Release|Any CPU.Deploy.0 = Release|Any CPU
		{825A2C92-AF8E-4BA8-B39E-233224F9EDEB}.Release|iPhone.ActiveCfg = Release|Any CPU
		{825A2C92-AF8E-4BA8-B39E-233224F9EDEB}.Release|iPhone.Build.0 = Release|Any CPU
		{825A2C92-AF8E-4BA8-B39E-233224F9EDEB}.Release|iPhone.Deploy.0 = Release|Any CPU
		{825A2C92-AF8E-4BA8-B39E-233224F9EDEB}.Release|iPhoneSimulator.ActiveCfg = Release|Any CPU
		{825A2C92-AF8E-4BA8-B39E-233224F9EDEB}.Release|iPhoneSimulator.Build.0 = Release|Any CPU
		{825A2C92-AF8E-4BA8-B39E-233224F9EDEB}.Release|iPhoneSimulator.Deploy.0 = Release|Any CPU
		{9EC2E091-931D-4484-B956-70ECB83831D7}.Debug|Any CPU.ActiveCfg = Debug|iPhone
		{9EC2E091-931D-4484-B956-70ECB83831D7}.Debug|Any CPU.Build.0 = Debug|iPhone
		{9EC2E091-931D-4484-B956-70ECB83831D7}.Debug|Any CPU.Deploy.0 = Debug|iPhone
		{9EC2E091-931D-4484-B956-70ECB83831D7}.Debug|iPhone.ActiveCfg = Debug|iPhone
		{9EC2E091-931D-4484-B956-70ECB83831D7}.Debug|iPhone.Build.0 = Debug|iPhone
		{9EC2E091-931D-4484-B956-70ECB83831D7}.Debug|iPhone.Deploy.0 = Debug|iPhone
		{9EC2E091-931D-4484-B956-70ECB83831D7}.Debug|iPhoneSimulator.ActiveCfg = Debug|iPhoneSimulator
		{9EC2E091-931D-4484-B956-70ECB83831D7}.Debug|iPhoneSimulator.Build.0 = Debug|iPhoneSimulator
		{9EC2E091-931D-4484-B956-70ECB83831D7}.Debug|iPhoneSimulator.Deploy.0 = Debug|iPhoneSimulator
		{9EC2E091-931D-4484-B956-70ECB83831D7}.Release|Any CPU.ActiveCfg = Release|iPhoneSimulator
		{9EC2E091-931D-4484-B956-70ECB83831D7}.Release|Any CPU.Build.0 = Release|iPhoneSimulator
		{9EC2E091-931D-4484-B956-70ECB83831D7}.Release|Any CPU.Deploy.0 = Release|iPhoneSimulator
		{9EC2E091-931D-4484-B956-70ECB83831D7}.Release|iPhone.ActiveCfg = Release|iPhone
		{9EC2E091-931D-4484-B956-70ECB83831D7}.Release|iPhone.Build.0 = Release|iPhone
		{9EC2E091-931D-4484-B956-70ECB83831D7}.Release|iPhone.Deploy.0 = Release|iPhone
		{9EC2E091-931D-4484-B956-70ECB83831D7}.Release|iPhoneSimulator.ActiveCfg = Release|iPhoneSimulator
		{9EC2E091-931D-4484-B956-70ECB83831D7}.Release|iPhoneSimulator.Build.0 = Release|iPhoneSimulator
		{9EC2E091-931D-4484-B956-70ECB83831D7}.Release|iPhoneSimulator.Deploy.0 = Release|iPhoneSimulator
		{5A6D3A1D-82B5-4CFC-AF36-7C588BCD3D8A}.Debug|Any CPU.ActiveCfg = Debug|Any CPU
		{5A6D3A1D-82B5-4CFC-AF36-7C588BCD3D8A}.Debug|Any CPU.Build.0 = Debug|Any CPU
		{5A6D3A1D-82B5-4CFC-AF36-7C588BCD3D8A}.Debug|Any CPU.Deploy.0 = Debug|Any CPU
		{5A6D3A1D-82B5-4CFC-AF36-7C588BCD3D8A}.Debug|iPhone.ActiveCfg = Debug|Any CPU
		{5A6D3A1D-82B5-4CFC-AF36-7C588BCD3D8A}.Debug|iPhone.Build.0 = Debug|Any CPU
		{5A6D3A1D-82B5-4CFC-AF36-7C588BCD3D8A}.Debug|iPhone.Deploy.0 = Debug|Any CPU
		{5A6D3A1D-82B5-4CFC-AF36-7C588BCD3D8A}.Debug|iPhoneSimulator.ActiveCfg = Debug|Any CPU
		{5A6D3A1D-82B5-4CFC-AF36-7C588BCD3D8A}.Debug|iPhoneSimulator.Build.0 = Debug|Any CPU
		{5A6D3A1D-82B5-4CFC-AF36-7C588BCD3D8A}.Debug|iPhoneSimulator.Deploy.0 = Debug|Any CPU
		{5A6D3A1D-82B5-4CFC-AF36-7C588BCD3D8A}.Release|Any CPU.ActiveCfg = Release|Any CPU
		{5A6D3A1D-82B5-4CFC-AF36-7C588BCD3D8A}.Release|Any CPU.Build.0 = Release|Any CPU
		{5A6D3A1D-82B5-4CFC-AF36-7C588BCD3D8A}.Release|Any CPU.Deploy.0 = Release|Any CPU
		{5A6D3A1D-82B5-4CFC-AF36-7C588BCD3D8A}.Release|iPhone.ActiveCfg = Release|Any CPU
		{5A6D3A1D-82B5-4CFC-AF36-7C588BCD3D8A}.Release|iPhone.Build.0 = Release|Any CPU
		{5A6D3A1D-82B5-4CFC-AF36-7C588BCD3D8A}.Release|iPhone.Deploy.0 = Release|Any CPU
		{5A6D3A1D-82B5-4CFC-AF36-7C588BCD3D8A}.Release|iPhoneSimulator.ActiveCfg = Release|Any CPU
		{5A6D3A1D-82B5-4CFC-AF36-7C588BCD3D8A}.Release|iPhoneSimulator.Build.0 = Release|Any CPU
		{5A6D3A1D-82B5-4CFC-AF36-7C588BCD3D8A}.Release|iPhoneSimulator.Deploy.0 = Release|Any CPU
		{4D46D116-AA06-4A77-8C37-2AB015CC2C17}.Debug|Any CPU.ActiveCfg = Debug|Any CPU
		{4D46D116-AA06-4A77-8C37-2AB015CC2C17}.Debug|Any CPU.Build.0 = Debug|Any CPU
		{4D46D116-AA06-4A77-8C37-2AB015CC2C17}.Debug|iPhone.ActiveCfg = Debug|Any CPU
		{4D46D116-AA06-4A77-8C37-2AB015CC2C17}.Debug|iPhone.Build.0 = Debug|Any CPU
		{4D46D116-AA06-4A77-8C37-2AB015CC2C17}.Debug|iPhoneSimulator.ActiveCfg = Debug|Any CPU
		{4D46D116-AA06-4A77-8C37-2AB015CC2C17}.Debug|iPhoneSimulator.Build.0 = Debug|Any CPU
		{4D46D116-AA06-4A77-8C37-2AB015CC2C17}.Release|Any CPU.ActiveCfg = Release|Any CPU
		{4D46D116-AA06-4A77-8C37-2AB015CC2C17}.Release|Any CPU.Build.0 = Release|Any CPU
		{4D46D116-AA06-4A77-8C37-2AB015CC2C17}.Release|iPhone.ActiveCfg = Release|Any CPU
		{4D46D116-AA06-4A77-8C37-2AB015CC2C17}.Release|iPhone.Build.0 = Release|Any CPU
		{4D46D116-AA06-4A77-8C37-2AB015CC2C17}.Release|iPhoneSimulator.ActiveCfg = Release|Any CPU
		{4D46D116-AA06-4A77-8C37-2AB015CC2C17}.Release|iPhoneSimulator.Build.0 = Release|Any CPU
	EndGlobalSection
	GlobalSection(SolutionProperties) = preSolution
		HideSolutionNode = FALSE
	EndGlobalSection
	GlobalSection(ExtensibilityGlobals) = postSolution
		SolutionGuid = {FF95BE97-864C-4951-B928-49BBD97D2507}
	EndGlobalSection
EndGlobal
